{
  "name": "@livepeer/clearinghouse-identity-webhook",
  "version": "0.1.0",
  "lockfileVersion": 3,
  "requires": true,
  "packages": {
    "": {
      "name": "@livepeer/clearinghouse-identity-webhook",
      "version": "0.1.0",
      "dependencies": {
        "@pymthouse/builder-sdk": "0.4.6"
      },
      "engines": {
        "node": ">=20"
      }
    },
    "node_modules/@pymthouse/builder-sdk": {
      "version": "0.4.6",
      "resolved": "https://registry.npmjs.org/@pymthouse/builder-sdk/-/builder-sdk-0.4.6.tgz",
      "integrity": "sha512-o00iwt4n+5mORHldio/NtDmr05YugFbj7x4Wi73IcybDJRfaHbGjGqde9BbdShljPeP5WgHUhREPopLjpJr7Cg==",
      "license": "MIT",
      "dependencies": {
        "oauth4webapi": "^3.8.5"
      },
      "engines": {
        "node": ">=20"
      }
    },
    "node_modules/oauth4webapi": {
      "version": "3.8.6",
      "resolved": "https://registry.npmjs.org/oauth4webapi/-/oauth4webapi-3.8.6.tgz",
      "integrity": "sha512-iwemM91xz8nryHti2yTmg5fhyEMVOkOXwHNqbvcATjyajb5oQxCQzrNOA6uElRHuMhQQTKUyFKV9y/CNyg25BQ==",
      "license": "MIT",
      "funding": {
        "url": "https://github.com/sponsors/panva"
      }
    }
  }
}
