{
  "name": "@livepeer/clearinghouse-identity-webhook",
  "version": "0.1.0",
  "lockfileVersion": 3,
  "requires": true,
  "packages": {
    "": {
      "name": "@livepeer/clearinghouse-identity-webhook",
      "version": "0.1.0",
      "dependencies": {
        "@pymthouse/builder-sdk": "0.4.7-rc.0"
      },
      "engines": {
        "node": ">=20"
      }
    },
    "node_modules/@pymthouse/builder-sdk": {
      "version": "0.4.7-rc.0",
      "resolved": "https://registry.npmjs.org/@pymthouse/builder-sdk/-/builder-sdk-0.4.7-rc.0.tgz",
      "integrity": "sha512-WT5g/eZFD6L91+HVm4hMk21F8p5v9KQHJ7ka5+uyyBwZJuYWPNuTlA8S/CY6c3vUSu0uhvFWackYQhwfUFUWVQ==",
      "license": "MIT",
      "dependencies": {
        "oauth4webapi": "^3.8.5"
      },
      "engines": {
        "node": ">=20"
      }
    },
    "node_modules/oauth4webapi": {
      "version": "3.8.6",
      "resolved": "https://registry.npmjs.org/oauth4webapi/-/oauth4webapi-3.8.6.tgz",
      "integrity": "sha512-iwemM91xz8nryHti2yTmg5fhyEMVOkOXwHNqbvcATjyajb5oQxCQzrNOA6uElRHuMhQQTKUyFKV9y/CNyg25BQ==",
      "license": "MIT",
      "funding": {
        "url": "https://github.com/sponsors/panva"
      }
    }
  }
}
